// !$*UTF8*$!
{
	archiveVersion = 1;
	classes = {
	};
	objectVersion = 48;
	objects = {

/* Begin PBXBuildFile section */
		041B9352203DE31300F9FB37 /* Reusable.swift in Sources */ = {isa = PBXBuildFile; fileRef = 041B9351203DE31300F9FB37 /* Reusable.swift */; };
		04327318203B2D3400EF7F37 /* ArtistAlbum.swift in Sources */ = {isa = PBXBuildFile; fileRef = 04327317203B2D3400EF7F37 /* ArtistAlbum.swift */; };
		0432731C203B2DA700EF7F37 /* ArtistAlbumResponse.swift in Sources */ = {isa = PBXBuildFile; fileRef = 0432731B203B2DA700EF7F37 /* ArtistAlbumResponse.swift */; };
		0432731E203B2DC500EF7F37 /* ArtistAlbumPagination.swift in Sources */ = {isa = PBXBuildFile; fileRef = 0432731D203B2DC500EF7F37 /* ArtistAlbumPagination.swift */; };
		047477412041968200C20CB9 /* APIRequest.swift in Sources */ = {isa = PBXBuildFile; fileRef = 047477402041968200C20CB9 /* APIRequest.swift */; };
		047477432041979A00C20CB9 /* APIClient.swift in Sources */ = {isa = PBXBuildFile; fileRef = 047477422041979A00C20CB9 /* APIClient.swift */; };
		04747745204197DB00C20CB9 /* DefaultAPIClient.swift in Sources */ = {isa = PBXBuildFile; fileRef = 04747744204197DB00C20CB9 /* DefaultAPIClient.swift */; };
		04747747204198D400C20CB9 /* Foundation.URLRequest.swift in Sources */ = {isa = PBXBuildFile; fileRef = 04747746204198D400C20CB9 /* Foundation.URLRequest.swift */; };
		047477492041993700C20CB9 /* Foundation.URLComponents.swift in Sources */ = {isa = PBXBuildFile; fileRef = 047477482041993700C20CB9 /* Foundation.URLComponents.swift */; };
		0474774B20419A5000C20CB9 /* APIService.swift in Sources */ = {isa = PBXBuildFile; fileRef = 0474774A20419A5000C20CB9 /* APIService.swift */; };
		0474774D20419B8500C20CB9 /* DiscogsService.swift in Sources */ = {isa = PBXBuildFile; fileRef = 0474774C20419B8500C20CB9 /* DiscogsService.swift */; };
		0474774F20419D8900C20CB9 /* APIError.swift in Sources */ = {isa = PBXBuildFile; fileRef = 0474774E20419D8900C20CB9 /* APIError.swift */; };
		047477512041A36400C20CB9 /* SearchRequest.swift in Sources */ = {isa = PBXBuildFile; fileRef = 047477502041A36400C20CB9 /* SearchRequest.swift */; };
		047477532041A67300C20CB9 /* Result.swift in Sources */ = {isa = PBXBuildFile; fileRef = 047477522041A67300C20CB9 /* Result.swift */; };
		047477552041ACCE00C20CB9 /* APIQueryParameter.swift in Sources */ = {isa = PBXBuildFile; fileRef = 047477542041ACCE00C20CB9 /* APIQueryParameter.swift */; };
		047477652041B6C700C20CB9 /* SearchRequestTest.swift in Sources */ = {isa = PBXBuildFile; fileRef = 047477642041B6C700C20CB9 /* SearchRequestTest.swift */; };
		047477672041E62600C20CB9 /* AlbumRequest.swift in Sources */ = {isa = PBXBuildFile; fileRef = 047477662041E62600C20CB9 /* AlbumRequest.swift */; };
		047477692041E63400C20CB9 /* ArtistRequest.swift in Sources */ = {isa = PBXBuildFile; fileRef = 047477682041E63400C20CB9 /* ArtistRequest.swift */; };
		0474776F2041E95900C20CB9 /* ArtistAlbumsRequest.swift in Sources */ = {isa = PBXBuildFile; fileRef = 0474776E2041E95900C20CB9 /* ArtistAlbumsRequest.swift */; };
		0497C859203EF5CF00658CC9 /* AlbumInfo.swift in Sources */ = {isa = PBXBuildFile; fileRef = 0497C858203EF5CE00658CC9 /* AlbumInfo.swift */; };
		0497C85B203EF66300658CC9 /* AlbumImage.swift in Sources */ = {isa = PBXBuildFile; fileRef = 0497C85A203EF66300658CC9 /* AlbumImage.swift */; };
		0497C85D203EF6D300658CC9 /* AlbumTrack.swift in Sources */ = {isa = PBXBuildFile; fileRef = 0497C85C203EF6D300658CC9 /* AlbumTrack.swift */; };
		0497C85F203EFB3900658CC9 /* AlbumCell.swift in Sources */ = {isa = PBXBuildFile; fileRef = 0497C85E203EFB3900658CC9 /* AlbumCell.swift */; };
		04F20A24203AED6800465F4C /* ArtistInfo.swift in Sources */ = {isa = PBXBuildFile; fileRef = 04F20A23203AED6800465F4C /* ArtistInfo.swift */; };
		04F20A28203AEDE400465F4C /* ArtistImage.swift in Sources */ = {isa = PBXBuildFile; fileRef = 04F20A27203AEDE400465F4C /* ArtistImage.swift */; };
		04FFECA4202F12C600BE44EB /* AppDelegate.swift in Sources */ = {isa = PBXBuildFile; fileRef = 04FFECA3202F12C600BE44EB /* AppDelegate.swift */; };
		04FFECA6202F12C600BE44EB /* ViewController.swift in Sources */ = {isa = PBXBuildFile; fileRef = 04FFECA5202F12C600BE44EB /* ViewController.swift */; };
		04FFECAB202F12C600BE44EB /* Assets.xcassets in Resources */ = {isa = PBXBuildFile; fileRef = 04FFECAA202F12C600BE44EB /* Assets.xcassets */; };
		04FFECAE202F12C600BE44EB /* LaunchScreen.storyboard in Resources */ = {isa = PBXBuildFile; fileRef = 04FFECAC202F12C600BE44EB /* LaunchScreen.storyboard */; };
		04FFECC1202F14FE00BE44EB /* View.swift in Sources */ = {isa = PBXBuildFile; fileRef = 04FFECC0202F14FE00BE44EB /* View.swift */; };
		04FFECC3202F151300BE44EB /* TableViewCell.swift in Sources */ = {isa = PBXBuildFile; fileRef = 04FFECC2202F151300BE44EB /* TableViewCell.swift */; };
		04FFECC8202F15F500BE44EB /* SearchCell.swift in Sources */ = {isa = PBXBuildFile; fileRef = 04FFECC7202F15F500BE44EB /* SearchCell.swift */; };
		04FFECCA202F160000BE44EB /* SearchViewController.swift in Sources */ = {isa = PBXBuildFile; fileRef = 04FFECC9202F160000BE44EB /* SearchViewController.swift */; };
		04FFECCC202F160700BE44EB /* SearchView.swift in Sources */ = {isa = PBXBuildFile; fileRef = 04FFECCB202F160700BE44EB /* SearchView.swift */; };
		04FFECCF202F162200BE44EB /* ArtistView.swift in Sources */ = {isa = PBXBuildFile; fileRef = 04FFECCE202F162200BE44EB /* ArtistView.swift */; };
		04FFECD1202F162C00BE44EB /* ArtistViewController.swift in Sources */ = {isa = PBXBuildFile; fileRef = 04FFECD0202F162C00BE44EB /* ArtistViewController.swift */; };
		04FFECD3202F164700BE44EB /* ArtistCell.swift in Sources */ = {isa = PBXBuildFile; fileRef = 04FFECD2202F164700BE44EB /* ArtistCell.swift */; };
		04FFECD5202F166800BE44EB /* AlbumView.swift in Sources */ = {isa = PBXBuildFile; fileRef = 04FFECD4202F166800BE44EB /* AlbumView.swift */; };
		04FFECD7202F167300BE44EB /* AlbumViewController.swift in Sources */ = {isa = PBXBuildFile; fileRef = 04FFECD6202F167300BE44EB /* AlbumViewController.swift */; };
		04FFECDB202F896A00BE44EB /* SearchResponse.swift in Sources */ = {isa = PBXBuildFile; fileRef = 04FFECDA202F896A00BE44EB /* SearchResponse.swift */; };
		04FFECDE202F89CF00BE44EB /* SearchArtist.swift in Sources */ = {isa = PBXBuildFile; fileRef = 04FFECDD202F89CF00BE44EB /* SearchArtist.swift */; };
		04FFECE0202F8A9A00BE44EB /* SearchPagination.swift in Sources */ = {isa = PBXBuildFile; fileRef = 04FFECDF202F8A9A00BE44EB /* SearchPagination.swift */; };
/* End PBXBuildFile section */

/* Begin PBXContainerItemProxy section */
		0474775F2041B67100C20CB9 /* PBXContainerItemProxy */ = {
			isa = PBXContainerItemProxy;
			containerPortal = 04FFEC98202F12C600BE44EB /* Project object */;
			proxyType = 1;
			remoteGlobalIDString = 04FFEC9F202F12C600BE44EB;
			remoteInfo = MusicalBoom;
		};
/* End PBXContainerItemProxy section */

/* Begin PBXFileReference section */
		041B9351203DE31300F9FB37 /* Reusable.swift */ = {isa = PBXFileReference; lastKnownFileType = sourcecode.swift; path = Reusable.swift; sourceTree = "<group>"; };
		04327317203B2D3400EF7F37 /* ArtistAlbum.swift */ = {isa = PBXFileReference; lastKnownFileType = sourcecode.swift; path = ArtistAlbum.swift; sourceTree = "<group>"; };
		0432731B203B2DA700EF7F37 /* ArtistAlbumResponse.swift */ = {isa = PBXFileReference; lastKnownFileType = sourcecode.swift; path = ArtistAlbumResponse.swift; sourceTree = "<group>"; };
		0432731D203B2DC500EF7F37 /* ArtistAlbumPagination.swift */ = {isa = PBXFileReference; lastKnownFileType = sourcecode.swift; path = ArtistAlbumPagination.swift; sourceTree = "<group>"; };
		047477402041968200C20CB9 /* APIRequest.swift */ = {isa = PBXFileReference; lastKnownFileType = sourcecode.swift; path = APIRequest.swift; sourceTree = "<group>"; };
		047477422041979A00C20CB9 /* APIClient.swift */ = {isa = PBXFileReference; lastKnownFileType = sourcecode.swift; path = APIClient.swift; sourceTree = "<group>"; };
		04747744204197DB00C20CB9 /* DefaultAPIClient.swift */ = {isa = PBXFileReference; lastKnownFileType = sourcecode.swift; path = DefaultAPIClient.swift; sourceTree = "<group>"; };
		04747746204198D400C20CB9 /* Foundation.URLRequest.swift */ = {isa = PBXFileReference; lastKnownFileType = sourcecode.swift; path = Foundation.URLRequest.swift; sourceTree = "<group>"; };
		047477482041993700C20CB9 /* Foundation.URLComponents.swift */ = {isa = PBXFileReference; lastKnownFileType = sourcecode.swift; path = Foundation.URLComponents.swift; sourceTree = "<group>"; };
		0474774A20419A5000C20CB9 /* APIService.swift */ = {isa = PBXFileReference; lastKnownFileType = sourcecode.swift; path = APIService.swift; sourceTree = "<group>"; };
		0474774C20419B8500C20CB9 /* DiscogsService.swift */ = {isa = PBXFileReference; lastKnownFileType = sourcecode.swift; path = DiscogsService.swift; sourceTree = "<group>"; };
		0474774E20419D8900C20CB9 /* APIError.swift */ = {isa = PBXFileReference; lastKnownFileType = sourcecode.swift; path = APIError.swift; sourceTree = "<group>"; };
		047477502041A36400C20CB9 /* SearchRequest.swift */ = {isa = PBXFileReference; lastKnownFileType = sourcecode.swift; path = SearchRequest.swift; sourceTree = "<group>"; };
		047477522041A67300C20CB9 /* Result.swift */ = {isa = PBXFileReference; lastKnownFileType = sourcecode.swift; path = Result.swift; sourceTree = "<group>"; };
		047477542041ACCE00C20CB9 /* APIQueryParameter.swift */ = {isa = PBXFileReference; lastKnownFileType = sourcecode.swift; path = APIQueryParameter.swift; sourceTree = "<group>"; };
		0474775A2041B67100C20CB9 /* MusicalBoomTests.xctest */ = {isa = PBXFileReference; explicitFileType = wrapper.cfbundle; includeInIndex = 0; path = MusicalBoomTests.xctest; sourceTree = BUILT_PRODUCTS_DIR; };
		0474775E2041B67100C20CB9 /* Info.plist */ = {isa = PBXFileReference; lastKnownFileType = text.plist.xml; path = Info.plist; sourceTree = "<group>"; };
		047477642041B6C700C20CB9 /* SearchRequestTest.swift */ = {isa = PBXFileReference; lastKnownFileType = sourcecode.swift; path = SearchRequestTest.swift; sourceTree = "<group>"; };
		047477662041E62600C20CB9 /* AlbumRequest.swift */ = {isa = PBXFileReference; lastKnownFileType = sourcecode.swift; path = AlbumRequest.swift; sourceTree = "<group>"; };
		047477682041E63400C20CB9 /* ArtistRequest.swift */ = {isa = PBXFileReference; lastKnownFileType = sourcecode.swift; path = ArtistRequest.swift; sourceTree = "<group>"; };
		0474776E2041E95900C20CB9 /* ArtistAlbumsRequest.swift */ = {isa = PBXFileReference; lastKnownFileType = sourcecode.swift; path = ArtistAlbumsRequest.swift; sourceTree = "<group>"; };
		0497C858203EF5CE00658CC9 /* AlbumInfo.swift */ = {isa = PBXFileReference; lastKnownFileType = sourcecode.swift; path = AlbumInfo.swift; sourceTree = "<group>"; };
		0497C85A203EF66300658CC9 /* AlbumImage.swift */ = {isa = PBXFileReference; lastKnownFileType = sourcecode.swift; path = AlbumImage.swift; sourceTree = "<group>"; };
		0497C85C203EF6D300658CC9 /* AlbumTrack.swift */ = {isa = PBXFileReference; lastKnownFileType = sourcecode.swift; path = AlbumTrack.swift; sourceTree = "<group>"; };
		0497C85E203EFB3900658CC9 /* AlbumCell.swift */ = {isa = PBXFileReference; lastKnownFileType = sourcecode.swift; path = AlbumCell.swift; sourceTree = "<group>"; };
		04F20A23203AED6800465F4C /* ArtistInfo.swift */ = {isa = PBXFileReference; lastKnownFileType = sourcecode.swift; path = ArtistInfo.swift; sourceTree = "<group>"; };
		04F20A27203AEDE400465F4C /* ArtistImage.swift */ = {isa = PBXFileReference; lastKnownFileType = sourcecode.swift; path = ArtistImage.swift; sourceTree = "<group>"; };
		04FFECA0202F12C600BE44EB /* MusicalBoom.app */ = {isa = PBXFileReference; explicitFileType = wrapper.application; includeInIndex = 0; path = MusicalBoom.app; sourceTree = BUILT_PRODUCTS_DIR; };
		04FFECA3202F12C600BE44EB /* AppDelegate.swift */ = {isa = PBXFileReference; lastKnownFileType = sourcecode.swift; path = AppDelegate.swift; sourceTree = "<group>"; };
		04FFECA5202F12C600BE44EB /* ViewController.swift */ = {isa = PBXFileReference; lastKnownFileType = sourcecode.swift; path = ViewController.swift; sourceTree = "<group>"; };
		04FFECAA202F12C600BE44EB /* Assets.xcassets */ = {isa = PBXFileReference; lastKnownFileType = folder.assetcatalog; path = Assets.xcassets; sourceTree = "<group>"; };
		04FFECAD202F12C600BE44EB /* Base */ = {isa = PBXFileReference; lastKnownFileType = file.storyboard; name = Base; path = Base.lproj/LaunchScreen.storyboard; sourceTree = "<group>"; };
		04FFECAF202F12C600BE44EB /* Info.plist */ = {isa = PBXFileReference; lastKnownFileType = text.plist.xml; path = Info.plist; sourceTree = "<group>"; };
		04FFECC0202F14FE00BE44EB /* View.swift */ = {isa = PBXFileReference; lastKnownFileType = sourcecode.swift; path = View.swift; sourceTree = "<group>"; };
		04FFECC2202F151300BE44EB /* TableViewCell.swift */ = {isa = PBXFileReference; lastKnownFileType = sourcecode.swift; path = TableViewCell.swift; sourceTree = "<group>"; };
		04FFECC7202F15F500BE44EB /* SearchCell.swift */ = {isa = PBXFileReference; lastKnownFileType = sourcecode.swift; path = SearchCell.swift; sourceTree = "<group>"; };
		04FFECC9202F160000BE44EB /* SearchViewController.swift */ = {isa = PBXFileReference; lastKnownFileType = sourcecode.swift; path = SearchViewController.swift; sourceTree = "<group>"; };
		04FFECCB202F160700BE44EB /* SearchView.swift */ = {isa = PBXFileReference; lastKnownFileType = sourcecode.swift; path = SearchView.swift; sourceTree = "<group>"; };
		04FFECCE202F162200BE44EB /* ArtistView.swift */ = {isa = PBXFileReference; lastKnownFileType = sourcecode.swift; path = ArtistView.swift; sourceTree = "<group>"; };
		04FFECD0202F162C00BE44EB /* ArtistViewController.swift */ = {isa = PBXFileReference; lastKnownFileType = sourcecode.swift; path = ArtistViewController.swift; sourceTree = "<group>"; };
		04FFECD2202F164700BE44EB /* ArtistCell.swift */ = {isa = PBXFileReference; lastKnownFileType = sourcecode.swift; path = ArtistCell.swift; sourceTree = "<group>"; };
		04FFECD4202F166800BE44EB /* AlbumView.swift */ = {isa = PBXFileReference; lastKnownFileType = sourcecode.swift; path = AlbumView.swift; sourceTree = "<group>"; };
		04FFECD6202F167300BE44EB /* AlbumViewController.swift */ = {isa = PBXFileReference; lastKnownFileType = sourcecode.swift; path = AlbumViewController.swift; sourceTree = "<group>"; };
		04FFECDA202F896A00BE44EB /* SearchResponse.swift */ = {isa = PBXFileReference; lastKnownFileType = sourcecode.swift; path = SearchResponse.swift; sourceTree = "<group>"; };
		04FFECDD202F89CF00BE44EB /* SearchArtist.swift */ = {isa = PBXFileReference; lastKnownFileType = sourcecode.swift; path = SearchArtist.swift; sourceTree = "<group>"; };
		04FFECDF202F8A9A00BE44EB /* SearchPagination.swift */ = {isa = PBXFileReference; lastKnownFileType = sourcecode.swift; path = SearchPagination.swift; sourceTree = "<group>"; };
/* End PBXFileReference section */

/* Begin PBXFrameworksBuildPhase section */
		047477572041B67100C20CB9 /* Frameworks */ = {
			isa = PBXFrameworksBuildPhase;
			buildActionMask = 2147483647;
			files = (
			);
			runOnlyForDeploymentPostprocessing = 0;
		};
		04FFEC9D202F12C600BE44EB /* Frameworks */ = {
			isa = PBXFrameworksBuildPhase;
			buildActionMask = 2147483647;
			files = (
			);
			runOnlyForDeploymentPostprocessing = 0;
		};
/* End PBXFrameworksBuildPhase section */

/* Begin PBXGroup section */
		041B9350203DE2F600F9FB37 /* Protocols */ = {
			isa = PBXGroup;
			children = (
				041B9351203DE31300F9FB37 /* Reusable.swift */,
			);
			path = Protocols;
			sourceTree = "<group>";
		};
		04327319203B2D7600EF7F37 /* ArtistInfo */ = {
			isa = PBXGroup;
			children = (
				04F20A23203AED6800465F4C /* ArtistInfo.swift */,
				04F20A27203AEDE400465F4C /* ArtistImage.swift */,
			);
			path = ArtistInfo;
			sourceTree = "<group>";
		};
		0432731A203B2D9100EF7F37 /* ArtistAlbums */ = {
			isa = PBXGroup;
			children = (
				0432731B203B2DA700EF7F37 /* ArtistAlbumResponse.swift */,
				0432731D203B2DC500EF7F37 /* ArtistAlbumPagination.swift */,
				04327317203B2D3400EF7F37 /* ArtistAlbum.swift */,
			);
			path = ArtistAlbums;
			sourceTree = "<group>";
		};
		0474773F2041965900C20CB9 /* Network */ = {
			isa = PBXGroup;
			children = (
				047477702041EBC900C20CB9 /* Requests */,
				047477402041968200C20CB9 /* APIRequest.swift */,
				04747744204197DB00C20CB9 /* DefaultAPIClient.swift */,
				047477422041979A00C20CB9 /* APIClient.swift */,
				0474774A20419A5000C20CB9 /* APIService.swift */,
				0474774C20419B8500C20CB9 /* DiscogsService.swift */,
				0474774E20419D8900C20CB9 /* APIError.swift */,
				047477542041ACCE00C20CB9 /* APIQueryParameter.swift */,
			);
			name = Network;
			path = Services/Network;
			sourceTree = "<group>";
		};
		0474775B2041B67100C20CB9 /* MusicalBoomTests */ = {
			isa = PBXGroup;
			children = (
				047477642041B6C700C20CB9 /* SearchRequestTest.swift */,
				0474775E2041B67100C20CB9 /* Info.plist */,
			);
			path = MusicalBoomTests;
			sourceTree = "<group>";
		};
		047477702041EBC900C20CB9 /* Requests */ = {
			isa = PBXGroup;
			children = (
				047477502041A36400C20CB9 /* SearchRequest.swift */,
				047477682041E63400C20CB9 /* ArtistRequest.swift */,
				0474776E2041E95900C20CB9 /* ArtistAlbumsRequest.swift */,
				047477662041E62600C20CB9 /* AlbumRequest.swift */,
			);
			path = Requests;
			sourceTree = "<group>";
		};
		04F20A1A203ADDE200465F4C /* Artist */ = {
			isa = PBXGroup;
			children = (
				04327319203B2D7600EF7F37 /* ArtistInfo */,
				0432731A203B2D9100EF7F37 /* ArtistAlbums */,
			);
			path = Artist;
			sourceTree = "<group>";
		};
		04F20A1B203ADE0400465F4C /* Album */ = {
			isa = PBXGroup;
			children = (
				0497C858203EF5CE00658CC9 /* AlbumInfo.swift */,
				0497C85A203EF66300658CC9 /* AlbumImage.swift */,
				0497C85C203EF6D300658CC9 /* AlbumTrack.swift */,
			);
			path = Album;
			sourceTree = "<group>";
		};
		04FFEC97202F12C600BE44EB = {
			isa = PBXGroup;
			children = (
				04FFECA2202F12C600BE44EB /* MusicalBoom */,
				0474775B2041B67100C20CB9 /* MusicalBoomTests */,
				04FFECA1202F12C600BE44EB /* Products */,
			);
			sourceTree = "<group>";
		};
		04FFECA1202F12C600BE44EB /* Products */ = {
			isa = PBXGroup;
			children = (
				04FFECA0202F12C600BE44EB /* MusicalBoom.app */,
				0474775A2041B67100C20CB9 /* MusicalBoomTests.xctest */,
			);
			name = Products;
			sourceTree = "<group>";
		};
		04FFECA2202F12C600BE44EB /* MusicalBoom */ = {
			isa = PBXGroup;
			children = (
				04FFECB5202F13E200BE44EB /* Sources */,
				04FFECB6202F13F100BE44EB /* Resources */,
			);
			path = MusicalBoom;
			sourceTree = "<group>";
		};
		04FFECB5202F13E200BE44EB /* Sources */ = {
			isa = PBXGroup;
			children = (
				04FFECBA202F146A00BE44EB /* Extensions */,
				04FFECBB202F146F00BE44EB /* Abstractions */,
				04FFECBD202F14AE00BE44EB /* Interface */,
				04FFECBC202F148D00BE44EB /* Models */,
				041B9350203DE2F600F9FB37 /* Protocols */,
				0474773F2041965900C20CB9 /* Network */,
				04FFECBE202F14B900BE44EB /* Services */,
			);
			path = Sources;
			sourceTree = "<group>";
		};
		04FFECB6202F13F100BE44EB /* Resources */ = {
			isa = PBXGroup;
			children = (
				04FFECB7202F140800BE44EB /* Assets */,
				04FFECB8202F140E00BE44EB /* Plists */,
				04FFECB9202F141C00BE44EB /* Storyboards */,
			);
			path = Resources;
			sourceTree = "<group>";
		};
		04FFECB7202F140800BE44EB /* Assets */ = {
			isa = PBXGroup;
			children = (
				04FFECAA202F12C600BE44EB /* Assets.xcassets */,
			);
			path = Assets;
			sourceTree = "<group>";
		};
		04FFECB8202F140E00BE44EB /* Plists */ = {
			isa = PBXGroup;
			children = (
				04FFECAF202F12C600BE44EB /* Info.plist */,
			);
			path = Plists;
			sourceTree = "<group>";
		};
		04FFECB9202F141C00BE44EB /* Storyboards */ = {
			isa = PBXGroup;
			children = (
				04FFECAC202F12C600BE44EB /* LaunchScreen.storyboard */,
			);
			path = Storyboards;
			sourceTree = "<group>";
		};
		04FFECBA202F146A00BE44EB /* Extensions */ = {
			isa = PBXGroup;
			children = (
				04747746204198D400C20CB9 /* Foundation.URLRequest.swift */,
				047477482041993700C20CB9 /* Foundation.URLComponents.swift */,
			);
			path = Extensions;
			sourceTree = "<group>";
		};
		04FFECBB202F146F00BE44EB /* Abstractions */ = {
			isa = PBXGroup;
			children = (
				04FFECBF202F14E000BE44EB /* UIKit */,
			);
			path = Abstractions;
			sourceTree = "<group>";
		};
		04FFECBC202F148D00BE44EB /* Models */ = {
			isa = PBXGroup;
			children = (
				04FFECD9202F895F00BE44EB /* Search */,
				04F20A1A203ADDE200465F4C /* Artist */,
				04F20A1B203ADE0400465F4C /* Album */,
				047477522041A67300C20CB9 /* Result.swift */,
			);
			path = Models;
			sourceTree = "<group>";
		};
		04FFECBD202F14AE00BE44EB /* Interface */ = {
			isa = PBXGroup;
			children = (
				04FFECC4202F155200BE44EB /* Search */,
				04FFECC5202F155A00BE44EB /* Artist */,
				04FFECC6202F156100BE44EB /* Album */,
			);
			path = Interface;
			sourceTree = "<group>";
		};
		04FFECBE202F14B900BE44EB /* Services */ = {
			isa = PBXGroup;
			children = (
				04FFECA3202F12C600BE44EB /* AppDelegate.swift */,
			);
			path = Services;
			sourceTree = "<group>";
		};
		04FFECBF202F14E000BE44EB /* UIKit */ = {
			isa = PBXGroup;
			children = (
				04FFECC0202F14FE00BE44EB /* View.swift */,
				04FFECA5202F12C600BE44EB /* ViewController.swift */,
				04FFECC2202F151300BE44EB /* TableViewCell.swift */,
			);
			path = UIKit;
			sourceTree = "<group>";
		};
		04FFECC4202F155200BE44EB /* Search */ = {
			isa = PBXGroup;
			children = (
				04FFECCB202F160700BE44EB /* SearchView.swift */,
				04FFECC9202F160000BE44EB /* SearchViewController.swift */,
				04FFECC7202F15F500BE44EB /* SearchCell.swift */,
			);
			path = Search;
			sourceTree = "<group>";
		};
		04FFECC5202F155A00BE44EB /* Artist */ = {
			isa = PBXGroup;
			children = (
				04FFECCE202F162200BE44EB /* ArtistView.swift */,
				04FFECD0202F162C00BE44EB /* ArtistViewController.swift */,
				04FFECD2202F164700BE44EB /* ArtistCell.swift */,
			);
			path = Artist;
			sourceTree = "<group>";
		};
		04FFECC6202F156100BE44EB /* Album */ = {
			isa = PBXGroup;
			children = (
				04FFECD4202F166800BE44EB /* AlbumView.swift */,
				04FFECD6202F167300BE44EB /* AlbumViewController.swift */,
				0497C85E203EFB3900658CC9 /* AlbumCell.swift */,
			);
			path = Album;
			sourceTree = "<group>";
		};
		04FFECD9202F895F00BE44EB /* Search */ = {
			isa = PBXGroup;
			children = (
				04FFECDA202F896A00BE44EB /* SearchResponse.swift */,
				04FFECDF202F8A9A00BE44EB /* SearchPagination.swift */,
				04FFECDD202F89CF00BE44EB /* SearchArtist.swift */,
			);
			path = Search;
			sourceTree = "<group>";
		};
/* End PBXGroup section */

/* Begin PBXNativeTarget section */
		047477592041B67100C20CB9 /* MusicalBoomTests */ = {
			isa = PBXNativeTarget;
			buildConfigurationList = 047477612041B67100C20CB9 /* Build configuration list for PBXNativeTarget "MusicalBoomTests" */;
			buildPhases = (
				047477562041B67100C20CB9 /* Sources */,
				047477572041B67100C20CB9 /* Frameworks */,
				047477582041B67100C20CB9 /* Resources */,
			);
			buildRules = (
			);
			dependencies = (
				047477602041B67100C20CB9 /* PBXTargetDependency */,
			);
			name = MusicalBoomTests;
			productName = MusicalBoomTests;
			productReference = 0474775A2041B67100C20CB9 /* MusicalBoomTests.xctest */;
			productType = "com.apple.product-type.bundle.unit-test";
		};
		04FFEC9F202F12C600BE44EB /* MusicalBoom */ = {
			isa = PBXNativeTarget;
			buildConfigurationList = 04FFECB2202F12C600BE44EB /* Build configuration list for PBXNativeTarget "MusicalBoom" */;
			buildPhases = (
				04FFEC9C202F12C600BE44EB /* Sources */,
				04FFEC9D202F12C600BE44EB /* Frameworks */,
				04FFEC9E202F12C600BE44EB /* Resources */,
			);
			buildRules = (
			);
			dependencies = (
			);
			name = MusicalBoom;
			productName = MusicalBoom;
			productReference = 04FFECA0202F12C600BE44EB /* MusicalBoom.app */;
			productType = "com.apple.product-type.application";
		};
/* End PBXNativeTarget section */

/* Begin PBXProject section */
		04FFEC98202F12C600BE44EB /* Project object */ = {
			isa = PBXProject;
			attributes = {
				LastSwiftUpdateCheck = 0920;
				LastUpgradeCheck = 0920;
				ORGANIZATIONNAME = "Kamil Chołyk";
				TargetAttributes = {
					047477592041B67100C20CB9 = {
						CreatedOnToolsVersion = 9.2;
						ProvisioningStyle = Automatic;
						TestTargetID = 04FFEC9F202F12C600BE44EB;
					};
					04FFEC9F202F12C600BE44EB = {
						CreatedOnToolsVersion = 9.2;
						ProvisioningStyle = Automatic;
					};
				};
			};
			buildConfigurationList = 04FFEC9B202F12C600BE44EB /* Build configuration list for PBXProject "MusicalBoom" */;
			compatibilityVersion = "Xcode 8.0";
			developmentRegion = en;
			hasScannedForEncodings = 0;
			knownRegions = (
				en,
				Base,
			);
			mainGroup = 04FFEC97202F12C600BE44EB;
			productRefGroup = 04FFECA1202F12C600BE44EB /* Products */;
			projectDirPath = "";
			projectRoot = "";
			targets = (
				04FFEC9F202F12C600BE44EB /* MusicalBoom */,
				047477592041B67100C20CB9 /* MusicalBoomTests */,
			);
		};
/* End PBXProject section */

/* Begin PBXResourcesBuildPhase section */
		047477582041B67100C20CB9 /* Resources */ = {
			isa = PBXResourcesBuildPhase;
			buildActionMask = 2147483647;
			files = (
			);
			runOnlyForDeploymentPostprocessing = 0;
		};
		04FFEC9E202F12C600BE44EB /* Resources */ = {
			isa = PBXResourcesBuildPhase;
			buildActionMask = 2147483647;
			files = (
				04FFECAE202F12C600BE44EB /* LaunchScreen.storyboard in Resources */,
				04FFECAB202F12C600BE44EB /* Assets.xcassets in Resources */,
			);
			runOnlyForDeploymentPostprocessing = 0;
		};
/* End PBXResourcesBuildPhase section */

/* Begin PBXSourcesBuildPhase section */
		047477562041B67100C20CB9 /* Sources */ = {
			isa = PBXSourcesBuildPhase;
			buildActionMask = 2147483647;
			files = (
				047477652041B6C700C20CB9 /* SearchRequestTest.swift in Sources */,
			);
			runOnlyForDeploymentPostprocessing = 0;
		};
		04FFEC9C202F12C600BE44EB /* Sources */ = {
			isa = PBXSourcesBuildPhase;
			buildActionMask = 2147483647;
			files = (
				04FFECDB202F896A00BE44EB /* SearchResponse.swift in Sources */,
				0497C85D203EF6D300658CC9 /* AlbumTrack.swift in Sources */,
				047477412041968200C20CB9 /* APIRequest.swift in Sources */,
				04FFECD7202F167300BE44EB /* AlbumViewController.swift in Sources */,
				04F20A28203AEDE400465F4C /* ArtistImage.swift in Sources */,
				04FFECD5202F166800BE44EB /* AlbumView.swift in Sources */,
				0432731E203B2DC500EF7F37 /* ArtistAlbumPagination.swift in Sources */,
				04F20A24203AED6800465F4C /* ArtistInfo.swift in Sources */,
				041B9352203DE31300F9FB37 /* Reusable.swift in Sources */,
				04FFECCA202F160000BE44EB /* SearchViewController.swift in Sources */,
				04FFECE0202F8A9A00BE44EB /* SearchPagination.swift in Sources */,
				047477552041ACCE00C20CB9 /* APIQueryParameter.swift in Sources */,
				047477532041A67300C20CB9 /* Result.swift in Sources */,
				04FFECA6202F12C600BE44EB /* ViewController.swift in Sources */,
				047477692041E63400C20CB9 /* ArtistRequest.swift in Sources */,
				0474774D20419B8500C20CB9 /* DiscogsService.swift in Sources */,
				04FFECD1202F162C00BE44EB /* ArtistViewController.swift in Sources */,
				0497C85F203EFB3900658CC9 /* AlbumCell.swift in Sources */,
				04FFECC8202F15F500BE44EB /* SearchCell.swift in Sources */,
				04747747204198D400C20CB9 /* Foundation.URLRequest.swift in Sources */,
				047477512041A36400C20CB9 /* SearchRequest.swift in Sources */,
				04FFECCC202F160700BE44EB /* SearchView.swift in Sources */,
				0497C859203EF5CF00658CC9 /* AlbumInfo.swift in Sources */,
				04FFECC3202F151300BE44EB /* TableViewCell.swift in Sources */,
				047477492041993700C20CB9 /* Foundation.URLComponents.swift in Sources */,
				04FFECCF202F162200BE44EB /* ArtistView.swift in Sources */,
				047477672041E62600C20CB9 /* AlbumRequest.swift in Sources */,
				04FFECA4202F12C600BE44EB /* AppDelegate.swift in Sources */,
				04327318203B2D3400EF7F37 /* ArtistAlbum.swift in Sources */,
				0474776F2041E95900C20CB9 /* ArtistAlbumsRequest.swift in Sources */,
				0497C85B203EF66300658CC9 /* AlbumImage.swift in Sources */,
				0432731C203B2DA700EF7F37 /* ArtistAlbumResponse.swift in Sources */,
				04FFECD3202F164700BE44EB /* ArtistCell.swift in Sources */,
				0474774B20419A5000C20CB9 /* APIService.swift in Sources */,
				04FFECDE202F89CF00BE44EB /* SearchArtist.swift in Sources */,
				04FFECC1202F14FE00BE44EB /* View.swift in Sources */,
				047477432041979A00C20CB9 /* APIClient.swift in Sources */,
				04747745204197DB00C20CB9 /* DefaultAPIClient.swift in Sources */,
				0474774F20419D8900C20CB9 /* APIError.swift in Sources */,
			);
			runOnlyForDeploymentPostprocessing = 0;
		};
/* End PBXSourcesBuildPhase section */

/* Begin PBXTargetDependency section */
		047477602041B67100C20CB9 /* PBXTargetDependency */ = {
			isa = PBXTargetDependency;
			target = 04FFEC9F202F12C600BE44EB /* MusicalBoom */;
			targetProxy = 0474775F2041B67100C20CB9 /* PBXContainerItemProxy */;
		};
/* End PBXTargetDependency section */

/* Begin PBXVariantGroup section */
		04FFECAC202F12C600BE44EB /* LaunchScreen.storyboard */ = {
			isa = PBXVariantGroup;
			children = (
				04FFECAD202F12C600BE44EB /* Base */,
			);
			name = LaunchScreen.storyboard;
			sourceTree = "<group>";
		};
/* End PBXVariantGroup section */

/* Begin XCBuildConfiguration section */
		047477622041B67100C20CB9 /* Debug */ = {
			isa = XCBuildConfiguration;
			buildSettings = {
				BUNDLE_LOADER = "$(TEST_HOST)";
				"CODE_SIGN_IDENTITY[sdk=iphoneos*]" = "iPhone Developer";
				CODE_SIGN_STYLE = Automatic;
				DEVELOPMENT_TEAM = B746NKQ5P6;
				INFOPLIST_FILE = MusicalBoomTests/Info.plist;
				LD_RUNPATH_SEARCH_PATHS = "$(inherited) @executable_path/Frameworks @loader_path/Frameworks";
				PRODUCT_BUNDLE_IDENTIFIER = com.kamilcholyk.MusicalBoomTests;
				PRODUCT_NAME = "$(TARGET_NAME)";
				PROVISIONING_PROFILE_SPECIFIER = "";
				SWIFT_VERSION = 4.0;
				TARGETED_DEVICE_FAMILY = "1,2";
				TEST_HOST = "$(BUILT_PRODUCTS_DIR)/MusicalBoom.app/MusicalBoom";
			};
			name = Debug;
		};
		047477632041B67100C20CB9 /* Release */ = {
			isa = XCBuildConfiguration;
			buildSettings = {
				BUNDLE_LOADER = "$(TEST_HOST)";
				"CODE_SIGN_IDENTITY[sdk=iphoneos*]" = "iPhone Developer";
				CODE_SIGN_STYLE = Automatic;
				DEVELOPMENT_TEAM = B746NKQ5P6;
				INFOPLIST_FILE = MusicalBoomTests/Info.plist;
				LD_RUNPATH_SEARCH_PATHS = "$(inherited) @executable_path/Frameworks @loader_path/Frameworks";
				PRODUCT_BUNDLE_IDENTIFIER = com.kamilcholyk.MusicalBoomTests;
				PRODUCT_NAME = "$(TARGET_NAME)";
				PROVISIONING_PROFILE_SPECIFIER = "";
				SWIFT_VERSION = 4.0;
				TARGETED_DEVICE_FAMILY = "1,2";
				TEST_HOST = "$(BUILT_PRODUCTS_DIR)/MusicalBoom.app/MusicalBoom";
			};
			name = Release;
		};
		04FFECB0202F12C600BE44EB /* Debug */ = {
			isa = XCBuildConfiguration;
			buildSettings = {
				ALWAYS_SEARCH_USER_PATHS = NO;
				CLANG_ANALYZER_NONNULL = YES;
				CLANG_ANALYZER_NUMBER_OBJECT_CONVERSION = YES_AGGRESSIVE;
				CLANG_CXX_LANGUAGE_STANDARD = "gnu++14";
				CLANG_CXX_LIBRARY = "libc++";
				CLANG_ENABLE_MODULES = YES;
				CLANG_ENABLE_OBJC_ARC = YES;
				CLANG_WARN_BLOCK_CAPTURE_AUTORELEASING = YES;
				CLANG_WARN_BOOL_CONVERSION = YES;
				CLANG_WARN_COMMA = YES;
				CLANG_WARN_CONSTANT_CONVERSION = YES;
				CLANG_WARN_DIRECT_OBJC_ISA_USAGE = YES_ERROR;
				CLANG_WARN_DOCUMENTATION_COMMENTS = YES;
				CLANG_WARN_EMPTY_BODY = YES;
				CLANG_WARN_ENUM_CONVERSION = YES;
				CLANG_WARN_INFINITE_RECURSION = YES;
				CLANG_WARN_INT_CONVERSION = YES;
				CLANG_WARN_NON_LITERAL_NULL_CONVERSION = YES;
				CLANG_WARN_OBJC_LITERAL_CONVERSION = YES;
				CLANG_WARN_OBJC_ROOT_CLASS = YES_ERROR;
				CLANG_WARN_RANGE_LOOP_ANALYSIS = YES;
				CLANG_WARN_STRICT_PROTOTYPES = YES;
				CLANG_WARN_SUSPICIOUS_MOVE = YES;
				CLANG_WARN_UNGUARDED_AVAILABILITY = YES_AGGRESSIVE;
				CLANG_WARN_UNREACHABLE_CODE = YES;
				CLANG_WARN__DUPLICATE_METHOD_MATCH = YES;
				CODE_SIGN_IDENTITY = "iPhone Developer";
				COPY_PHASE_STRIP = NO;
				DEBUG_INFORMATION_FORMAT = dwarf;
				ENABLE_STRICT_OBJC_MSGSEND = YES;
				ENABLE_TESTABILITY = YES;
				GCC_C_LANGUAGE_STANDARD = gnu11;
				GCC_DYNAMIC_NO_PIC = NO;
				GCC_NO_COMMON_BLOCKS = YES;
				GCC_OPTIMIZATION_LEVEL = 0;
				GCC_PREPROCESSOR_DEFINITIONS = (
					"DEBUG=1",
					"$(inherited)",
				);
				GCC_WARN_64_TO_32_BIT_CONVERSION = YES;
				GCC_WARN_ABOUT_RETURN_TYPE = YES_ERROR;
				GCC_WARN_UNDECLARED_SELECTOR = YES;
				GCC_WARN_UNINITIALIZED_AUTOS = YES_AGGRESSIVE;
				GCC_WARN_UNUSED_FUNCTION = YES;
				GCC_WARN_UNUSED_VARIABLE = YES;
				IPHONEOS_DEPLOYMENT_TARGET = 11.2;
				MTL_ENABLE_DEBUG_INFO = YES;
				ONLY_ACTIVE_ARCH = YES;
				SDKROOT = iphoneos;
				SWIFT_ACTIVE_COMPILATION_CONDITIONS = DEBUG;
				SWIFT_OPTIMIZATION_LEVEL = "-Onone";
			};
			name = Debug;
		};
		04FFECB1202F12C600BE44EB /* Release */ = {
			isa = XCBuildConfiguration;
			buildSettings = {
				ALWAYS_SEARCH_USER_PATHS = NO;
				CLANG_ANALYZER_NONNULL = YES;
				CLANG_ANALYZER_NUMBER_OBJECT_CONVERSION = YES_AGGRESSIVE;
				CLANG_CXX_LANGUAGE_STANDARD = "gnu++14";
				CLANG_CXX_LIBRARY = "libc++";
				CLANG_ENABLE_MODULES = YES;
				CLANG_ENABLE_OBJC_ARC = YES;
				CLANG_WARN_BLOCK_CAPTURE_AUTORELEASING = YES;
				CLANG_WARN_BOOL_CONVERSION = YES;
				CLANG_WARN_COMMA = YES;
				CLANG_WARN_CONSTANT_CONVERSION = YES;
				CLANG_WARN_DIRECT_OBJC_ISA_USAGE = YES_ERROR;
				CLANG_WARN_DOCUMENTATION_COMMENTS = YES;
				CLANG_WARN_EMPTY_BODY = YES;
				CLANG_WARN_ENUM_CONVERSION = YES;
				CLANG_WARN_INFINITE_RECURSION = YES;
				CLANG_WARN_INT_CONVERSION = YES;
				CLANG_WARN_NON_LITERAL_NULL_CONVERSION = YES;
				CLANG_WARN_OBJC_LITERAL_CONVERSION = YES;
				CLANG_WARN_OBJC_ROOT_CLASS = YES_ERROR;
				CLANG_WARN_RANGE_LOOP_ANALYSIS = YES;
				CLANG_WARN_STRICT_PROTOTYPES = YES;
				CLANG_WARN_SUSPICIOUS_MOVE = YES;
				CLANG_WARN_UNGUARDED_AVAILABILITY = YES_AGGRESSIVE;
				CLANG_WARN_UNREACHABLE_CODE = YES;
				CLANG_WARN__DUPLICATE_METHOD_MATCH = YES;
				CODE_SIGN_IDENTITY = "iPhone Developer";
				COPY_PHASE_STRIP = NO;
				DEBUG_INFORMATION_FORMAT = "dwarf-with-dsym";
				ENABLE_NS_ASSERTIONS = NO;
				ENABLE_STRICT_OBJC_MSGSEND = YES;
				GCC_C_LANGUAGE_STANDARD = gnu11;
				GCC_NO_COMMON_BLOCKS = YES;
				GCC_WARN_64_TO_32_BIT_CONVERSION = YES;
				GCC_WARN_ABOUT_RETURN_TYPE = YES_ERROR;
				GCC_WARN_UNDECLARED_SELECTOR = YES;
				GCC_WARN_UNINITIALIZED_AUTOS = YES_AGGRESSIVE;
				GCC_WARN_UNUSED_FUNCTION = YES;
				GCC_WARN_UNUSED_VARIABLE = YES;
				IPHONEOS_DEPLOYMENT_TARGET = 11.2;
				MTL_ENABLE_DEBUG_INFO = NO;
				SDKROOT = iphoneos;
				SWIFT_OPTIMIZATION_LEVEL = "-Owholemodule";
				VALIDATE_PRODUCT = YES;
			};
			name = Release;
		};
		04FFECB3202F12C600BE44EB /* Debug */ = {
			isa = XCBuildConfiguration;
			buildSettings = {
				ASSETCATALOG_COMPILER_APPICON_NAME = AppIcon;
				CODE_SIGN_STYLE = Automatic;
				DEVELOPMENT_TEAM = B746NKQ5P6;
				INFOPLIST_FILE = "$(SRCROOT)/MusicalBoom/Resources/Plists/Info.plist";
				LD_RUNPATH_SEARCH_PATHS = "$(inherited) @executable_path/Frameworks";
				PRODUCT_BUNDLE_IDENTIFIER = com.kamilcholyk.MusicalBoom;
				PRODUCT_NAME = "$(TARGET_NAME)";
				SWIFT_VERSION = 4.0;
				TARGETED_DEVICE_FAMILY = "1,2";
			};
			name = Debug;
		};
		04FFECB4202F12C600BE44EB /* Release */ = {
			isa = XCBuildConfiguration;
			buildSettings = {
				ASSETCATALOG_COMPILER_APPICON_NAME = AppIcon;
				CODE_SIGN_STYLE = Automatic;
				DEVELOPMENT_TEAM = B746NKQ5P6;
				INFOPLIST_FILE = "$(SRCROOT)/MusicalBoom/Resources/Plists/Info.plist";
				LD_RUNPATH_SEARCH_PATHS = "$(inherited) @executable_path/Frameworks";
				PRODUCT_BUNDLE_IDENTIFIER = com.kamilcholyk.MusicalBoom;
				PRODUCT_NAME = "$(TARGET_NAME)";
				SWIFT_VERSION = 4.0;
				TARGETED_DEVICE_FAMILY = "1,2";
			};
			name = Release;
		};
/* End XCBuildConfiguration section */

/* Begin XCConfigurationList section */
		047477612041B67100C20CB9 /* Build configuration list for PBXNativeTarget "MusicalBoomTests" */ = {
			isa = XCConfigurationList;
			buildConfigurations = (
				047477622041B67100C20CB9 /* Debug */,
				047477632041B67100C20CB9 /* Release */,
			);
			defaultConfigurationIsVisible = 0;
			defaultConfigurationName = Release;
		};
		04FFEC9B202F12C600BE44EB /* Build configuration list for PBXProject "MusicalBoom" */ = {
			isa = XCConfigurationList;
			buildConfigurations = (
				04FFECB0202F12C600BE44EB /* Debug */,
				04FFECB1202F12C600BE44EB /* Release */,
			);
			defaultConfigurationIsVisible = 0;
			defaultConfigurationName = Release;
		};
		04FFECB2202F12C600BE44EB /* Build configuration list for PBXNativeTarget "MusicalBoom" */ = {
			isa = XCConfigurationList;
			buildConfigurations = (
				04FFECB3202F12C600BE44EB /* Debug */,
				04FFECB4202F12C600BE44EB /* Release */,
			);
			defaultConfigurationIsVisible = 0;
			defaultConfigurationName = Release;
		};
/* End XCConfigurationList section */
	};
	rootObject = 04FFEC98202F12C600BE44EB /* Project object */;
}
